
Microsoft Visual Studio Solution File, Format Version 12.00
# Visual Studio Version 17
VisualStudioVersion = 17.11.35312.102
MinimumVisualStudioVersion = 10.0.40219.1
Project("{FAE04EC0-301F-11D3-BF4B-00C04F79EFBC}") = "Advanced Calculator", "Advanced Calculator\Advanced Calculator.csproj", "{4B691ADF-C6D6-4C74-9EB1-0971599BBD7F}"
EndProject
Global
	GlobalSection(SolutionConfigurationPlatforms) = preSolution
		Debug|Any CPU = Debug|Any CPU
		Release|Any CPU = Release|Any CPU
	EndGlobalSection
	GlobalSection(ProjectConfigurationPlatforms) = postSolution
		{4B691ADF-C6D6-4C74-9EB1-0971599BBD7F}.Debug|Any CPU.ActiveCfg = Debug|Any CPU
		{4B691ADF-C6D6-4C74-9EB1-0971599BBD7F}.Debug|Any CPU.Build.0 = Debug|Any CPU
		{4B691ADF-C6D6-4C74-9EB1-0971599BBD7F}.Release|Any CPU.ActiveCfg = Release|Any CPU
		{4B691ADF-C6D6-4C74-9EB1-0971599BBD7F}.Release|Any CPU.Build.0 = Release|Any CPU
	EndGlobalSection
	GlobalSection(SolutionProperties) = preSolution
		HideSolutionNode = FALSE
	EndGlobalSection
	GlobalSection(ExtensibilityGlobals) = postSolution
		SolutionGuid = {14622EA9-F018-4ECB-AC75-1ADCCAC356E0}
	EndGlobalSection
EndGlobal
