
Microsoft Visual Studio Solution File, Format Version 12.00
# Visual Studio Version 17
VisualStudioVersion = 17.11.35312.102
MinimumVisualStudioVersion = 10.0.40219.1
Project("{FAE04EC0-301F-11D3-BF4B-00C04F79EFBC}") = "-_-", "-_-\-_-.csproj", "{C3751811-3A6B-47C1-9B17-70CDBE4DED44}"
EndProject
Global
	GlobalSection(SolutionConfigurationPlatforms) = preSolution
		Debug|Any CPU = Debug|Any CPU
		Release|Any CPU = Release|Any CPU
	EndGlobalSection
	GlobalSection(ProjectConfigurationPlatforms) = postSolution
		{C3751811-3A6B-47C1-9B17-70CDBE4DED44}.Debug|Any CPU.ActiveCfg = Debug|Any CPU
		{C3751811-3A6B-47C1-9B17-70CDBE4DED44}.Debug|Any CPU.Build.0 = Debug|Any CPU
		{C3751811-3A6B-47C1-9B17-70CDBE4DED44}.Release|Any CPU.ActiveCfg = Release|Any CPU
		{C3751811-3A6B-47C1-9B17-70CDBE4DED44}.Release|Any CPU.Build.0 = Release|Any CPU
	EndGlobalSection
	GlobalSection(SolutionProperties) = preSolution
		HideSolutionNode = FALSE
	EndGlobalSection
	GlobalSection(ExtensibilityGlobals) = postSolution
		SolutionGuid = {A74B878C-D82A-4538-B936-460927DB462E}
	EndGlobalSection
EndGlobal
